
Microsoft Visual Studio Solution File, Format Version 11.00
# Visual Studio 2010
Project("{FAE04EC0-301F-11D3-BF4B-00C04F79EFBC}") = "SqlToScript", "SqlToScript.csproj", "{7F721FE1-B059-43AD-8952-F96A4BECE938}"
EndProject
Global
	GlobalSection(TeamFoundationVersionControl) = preSolution
		SccNumberOfProjects = 2
		SccEnterpriseProvider = {4CA58AB2-18FA-4F8D-95D4-32DDF27D184C}
		SccTeamFoundationServer = https://sirfreedom.visualstudio.com/defaultcollection
		SccLocalPath0 = .
		SccProjectUniqueName1 = SqlToScript.csproj
		SccLocalPath1 = .
	EndGlobalSection
	GlobalSection(SolutionConfigurationPlatforms) = preSolution
		Debug|Any CPU = Debug|Any CPU
		Release|Any CPU = Release|Any CPU
	EndGlobalSection
	GlobalSection(ProjectConfigurationPlatforms) = postSolution
		{7F721FE1-B059-43AD-8952-F96A4BECE938}.Debug|Any CPU.ActiveCfg = Debug|Any CPU
		{7F721FE1-B059-43AD-8952-F96A4BECE938}.Debug|Any CPU.Build.0 = Debug|Any CPU
		{7F721FE1-B059-43AD-8952-F96A4BECE938}.Release|Any CPU.ActiveCfg = Release|Any CPU
		{7F721FE1-B059-43AD-8952-F96A4BECE938}.Release|Any CPU.Build.0 = Release|Any CPU
	EndGlobalSection
	GlobalSection(SolutionProperties) = preSolution
		HideSolutionNode = FALSE
	EndGlobalSection
EndGlobal
